
Microsoft Visual Studio Solution File, Format Version 12.00
# Visual Studio Version 16
VisualStudioVersion = 25.0.1704.2
MinimumVisualStudioVersion = 10.0.40219.1
Project("{FAE04EC0-301F-11D3-BF4B-00C04F79EFBC}") = "MaxArray", "MaxArray\MaxArray.csproj", "{58C5A103-F44B-4B71-832F-D9F627A800AE}"
EndProject
Project("{FAE04EC0-301F-11D3-BF4B-00C04F79EFBC}") = "BinaryTree_SequentialStorage", "BinaryTree_SequentialStorage\BinaryTree_SequentialStorage.csproj", "{A04078E3-622A-4AAC-94FC-36767F5DCBE9}"
EndProject
Project("{FAE04EC0-301F-11D3-BF4B-00C04F79EFBC}") = "Binary SortTree_LinkedStorage", "Binary SortTree_LinkedStorage\Binary SortTree_LinkedStorage.csproj", "{C110DFDF-6899-40EB-A91F-F664F87E01E1}"
EndProject
Project("{FAE04EC0-301F-11D3-BF4B-00C04F79EFBC}") = "HeapSort", "HeapSort\HeapSort.csproj", "{5D3AF6E4-8360-452A-9805-03E5C9ED0924}"
EndProject
Project("{FAE04EC0-301F-11D3-BF4B-00C04F79EFBC}") = "钢条切割问题_递归实现_带备忘录_动态规划", "钢条切割问题_递归实现\钢条切割问题_递归实现_带备忘录_动态规划.csproj", "{C576DFF4-F19D-458C-AB2B-BBF101EB4EFC}"
EndProject
Project("{FAE04EC0-301F-11D3-BF4B-00C04F79EFBC}") = "LeetCodeExercise_DP", "LeetCodeExercise\LeetCodeExercise_DP.csproj", "{34516FF4-B161-41BA-9041-67C45A08D867}"
EndProject
Project("{FAE04EC0-301F-11D3-BF4B-00C04F79EFBC}") = "LeetCodeExercise_Tree", "LeetCodeExercise_Tree\LeetCodeExercise_Tree.csproj", "{7D3BC81B-6045-431E-9DCD-69A305CD89CE}"
EndProject
Project("{FAE04EC0-301F-11D3-BF4B-00C04F79EFBC}") = "LeetCodeExercise_String", "LeetCodeExercise_String\LeetCodeExercise_String.csproj", "{C166FE7E-A851-429D-A07D-08963BBE6355}"
EndProject
Project("{FAE04EC0-301F-11D3-BF4B-00C04F79EFBC}") = "LeetCodeExercise_Array", "LeetCodeExercise_Array\LeetCodeExercise_Array.csproj", "{D384A84A-9B18-4558-A7B6-43830FEAFF2C}"
EndProject
Global
	GlobalSection(SolutionConfigurationPlatforms) = preSolution
		Debug|Any CPU = Debug|Any CPU
		Release|Any CPU = Release|Any CPU
	EndGlobalSection
	GlobalSection(ProjectConfigurationPlatforms) = postSolution
		{58C5A103-F44B-4B71-832F-D9F627A800AE}.Debug|Any CPU.ActiveCfg = Debug|Any CPU
		{58C5A103-F44B-4B71-832F-D9F627A800AE}.Debug|Any CPU.Build.0 = Debug|Any CPU
		{58C5A103-F44B-4B71-832F-D9F627A800AE}.Release|Any CPU.ActiveCfg = Release|Any CPU
		{58C5A103-F44B-4B71-832F-D9F627A800AE}.Release|Any CPU.Build.0 = Release|Any CPU
		{A04078E3-622A-4AAC-94FC-36767F5DCBE9}.Debug|Any CPU.ActiveCfg = Debug|Any CPU
		{A04078E3-622A-4AAC-94FC-36767F5DCBE9}.Debug|Any CPU.Build.0 = Debug|Any CPU
		{A04078E3-622A-4AAC-94FC-36767F5DCBE9}.Release|Any CPU.ActiveCfg = Release|Any CPU
		{A04078E3-622A-4AAC-94FC-36767F5DCBE9}.Release|Any CPU.Build.0 = Release|Any CPU
		{C110DFDF-6899-40EB-A91F-F664F87E01E1}.Debug|Any CPU.ActiveCfg = Debug|Any CPU
		{C110DFDF-6899-40EB-A91F-F664F87E01E1}.Debug|Any CPU.Build.0 = Debug|Any CPU
		{C110DFDF-6899-40EB-A91F-F664F87E01E1}.Release|Any CPU.ActiveCfg = Release|Any CPU
		{C110DFDF-6899-40EB-A91F-F664F87E01E1}.Release|Any CPU.Build.0 = Release|Any CPU
		{5D3AF6E4-8360-452A-9805-03E5C9ED0924}.Debug|Any CPU.ActiveCfg = Debug|Any CPU
		{5D3AF6E4-8360-452A-9805-03E5C9ED0924}.Debug|Any CPU.Build.0 = Debug|Any CPU
		{5D3AF6E4-8360-452A-9805-03E5C9ED0924}.Release|Any CPU.ActiveCfg = Release|Any CPU
		{5D3AF6E4-8360-452A-9805-03E5C9ED0924}.Release|Any CPU.Build.0 = Release|Any CPU
		{C576DFF4-F19D-458C-AB2B-BBF101EB4EFC}.Debug|Any CPU.ActiveCfg = Debug|Any CPU
		{C576DFF4-F19D-458C-AB2B-BBF101EB4EFC}.Debug|Any CPU.Build.0 = Debug|Any CPU
		{C576DFF4-F19D-458C-AB2B-BBF101EB4EFC}.Release|Any CPU.ActiveCfg = Release|Any CPU
		{C576DFF4-F19D-458C-AB2B-BBF101EB4EFC}.Release|Any CPU.Build.0 = Release|Any CPU
		{34516FF4-B161-41BA-9041-67C45A08D867}.Debug|Any CPU.ActiveCfg = Debug|Any CPU
		{34516FF4-B161-41BA-9041-67C45A08D867}.Debug|Any CPU.Build.0 = Debug|Any CPU
		{34516FF4-B161-41BA-9041-67C45A08D867}.Release|Any CPU.ActiveCfg = Release|Any CPU
		{34516FF4-B161-41BA-9041-67C45A08D867}.Release|Any CPU.Build.0 = Release|Any CPU
		{7D3BC81B-6045-431E-9DCD-69A305CD89CE}.Debug|Any CPU.ActiveCfg = Debug|Any CPU
		{7D3BC81B-6045-431E-9DCD-69A305CD89CE}.Debug|Any CPU.Build.0 = Debug|Any CPU
		{7D3BC81B-6045-431E-9DCD-69A305CD89CE}.Release|Any CPU.ActiveCfg = Release|Any CPU
		{7D3BC81B-6045-431E-9DCD-69A305CD89CE}.Release|Any CPU.Build.0 = Release|Any CPU
		{C166FE7E-A851-429D-A07D-08963BBE6355}.Debug|Any CPU.ActiveCfg = Debug|Any CPU
		{C166FE7E-A851-429D-A07D-08963BBE6355}.Debug|Any CPU.Build.0 = Debug|Any CPU
		{C166FE7E-A851-429D-A07D-08963BBE6355}.Release|Any CPU.ActiveCfg = Release|Any CPU
		{C166FE7E-A851-429D-A07D-08963BBE6355}.Release|Any CPU.Build.0 = Release|Any CPU
		{D384A84A-9B18-4558-A7B6-43830FEAFF2C}.Debug|Any CPU.ActiveCfg = Debug|Any CPU
		{D384A84A-9B18-4558-A7B6-43830FEAFF2C}.Debug|Any CPU.Build.0 = Debug|Any CPU
		{D384A84A-9B18-4558-A7B6-43830FEAFF2C}.Release|Any CPU.ActiveCfg = Release|Any CPU
		{D384A84A-9B18-4558-A7B6-43830FEAFF2C}.Release|Any CPU.Build.0 = Release|Any CPU
	EndGlobalSection
	GlobalSection(SolutionProperties) = preSolution
		HideSolutionNode = FALSE
	EndGlobalSection
	GlobalSection(ExtensibilityGlobals) = postSolution
		SolutionGuid = {A9425211-F0D6-4F66-A713-2E0A0824D80E}
	EndGlobalSection
EndGlobal
