
Microsoft Visual Studio Solution File, Format Version 12.00
# Visual Studio Version 16
VisualStudioVersion = 25.0.1704.2
MinimumVisualStudioVersion = 10.0.40219.1
Project("{FAE04EC0-301F-11D3-BF4B-00C04F79EFBC}") = "MaxArray", "MaxArray\MaxArray.csproj", "{58C5A103-F44B-4B71-832F-D9F627A800AE}"
EndProject
Project("{FAE04EC0-301F-11D3-BF4B-00C04F79EFBC}") = "BinaryTree_SequentialStorage", "BinaryTree_SequentialStorage\BinaryTree_SequentialStorage.csproj", "{A04078E3-622A-4AAC-94FC-36767F5DCBE9}"
EndProject
Project("{FAE04EC0-301F-11D3-BF4B-00C04F79EFBC}") = "Binary SortTree_LinkedStorage", "Binary SortTree_LinkedStorage\Binary SortTree_LinkedStorage.csproj", "{C110DFDF-6899-40EB-A91F-F664F87E01E1}"
EndProject
Global
	GlobalSection(SolutionConfigurationPlatforms) = preSolution
		Debug|Any CPU = Debug|Any CPU
		Release|Any CPU = Release|Any CPU
	EndGlobalSection
	GlobalSection(ProjectConfigurationPlatforms) = postSolution
		{58C5A103-F44B-4B71-832F-D9F627A800AE}.Debug|Any CPU.ActiveCfg = Debug|Any CPU
		{58C5A103-F44B-4B71-832F-D9F627A800AE}.Debug|Any CPU.Build.0 = Debug|Any CPU
		{58C5A103-F44B-4B71-832F-D9F627A800AE}.Release|Any CPU.ActiveCfg = Release|Any CPU
		{58C5A103-F44B-4B71-832F-D9F627A800AE}.Release|Any CPU.Build.0 = Release|Any CPU
		{A04078E3-622A-4AAC-94FC-36767F5DCBE9}.Debug|Any CPU.ActiveCfg = Debug|Any CPU
		{A04078E3-622A-4AAC-94FC-36767F5DCBE9}.Debug|Any CPU.Build.0 = Debug|Any CPU
		{A04078E3-622A-4AAC-94FC-36767F5DCBE9}.Release|Any CPU.ActiveCfg = Release|Any CPU
		{A04078E3-622A-4AAC-94FC-36767F5DCBE9}.Release|Any CPU.Build.0 = Release|Any CPU
		{C110DFDF-6899-40EB-A91F-F664F87E01E1}.Debug|Any CPU.ActiveCfg = Debug|Any CPU
		{C110DFDF-6899-40EB-A91F-F664F87E01E1}.Debug|Any CPU.Build.0 = Debug|Any CPU
		{C110DFDF-6899-40EB-A91F-F664F87E01E1}.Release|Any CPU.ActiveCfg = Release|Any CPU
		{C110DFDF-6899-40EB-A91F-F664F87E01E1}.Release|Any CPU.Build.0 = Release|Any CPU
	EndGlobalSection
	GlobalSection(SolutionProperties) = preSolution
		HideSolutionNode = FALSE
	EndGlobalSection
	GlobalSection(ExtensibilityGlobals) = postSolution
		SolutionGuid = {A9425211-F0D6-4F66-A713-2E0A0824D80E}
	EndGlobalSection
EndGlobal
